
Microsoft Visual Studio Solution File, Format Version 12.00
# Visual Studio Version 16
VisualStudioVersion = 16.0.31605.320
MinimumVisualStudioVersion = 10.0.40219.1
Project("{FAE04EC0-301F-11D3-BF4B-00C04F79EFBC}") = "YetAnotherTetrisClone", "YetAnotherTetrisClone\YetAnotherTetrisClone.csproj", "{EE755417-2210-4357-8002-46C987DB8A76}"
EndProject
Global
	GlobalSection(SolutionConfigurationPlatforms) = preSolution
		Debug|Any CPU = Debug|Any CPU
		Release|Any CPU = Release|Any CPU
	EndGlobalSection
	GlobalSection(ProjectConfigurationPlatforms) = postSolution
		{EE755417-2210-4357-8002-46C987DB8A76}.Debug|Any CPU.ActiveCfg = Debug|Any CPU
		{EE755417-2210-4357-8002-46C987DB8A76}.Debug|Any CPU.Build.0 = Debug|Any CPU
		{EE755417-2210-4357-8002-46C987DB8A76}.Release|Any CPU.ActiveCfg = Release|Any CPU
		{EE755417-2210-4357-8002-46C987DB8A76}.Release|Any CPU.Build.0 = Release|Any CPU
	EndGlobalSection
	GlobalSection(SolutionProperties) = preSolution
		HideSolutionNode = FALSE
	EndGlobalSection
	GlobalSection(ExtensibilityGlobals) = postSolution
		SolutionGuid = {DBB9CA9F-B9E1-409D-AD2F-30A8FC247856}
	EndGlobalSection
EndGlobal
